PODS:
  - Alamofire (5.6.2)
  - RxCocoa (6.5.0):
    - RxRelay (= 6.5.0)
    - RxSwift (= 6.5.0)
  - RxRelay (6.5.0):
    - RxSwift (= 6.5.0)
  - RxSwift (6.5.0)
  - SwiftyBeaver (1.9.6)

DEPENDENCIES:
  - Alamofire
  - RxCocoa
  - RxSwift
  - SwiftyBeaver

SPEC REPOS:
  trunk:
    - Alamofire
    - RxCocoa
    - RxRelay
    - RxSwift
    - SwiftyBeaver

SPEC CHECKSUMS:
  Alamofire: d368e1ff8a298e6dde360e35a3e68e6c610e7204
  RxCocoa: 94f817b71c07517321eb4f9ad299112ca8af743b
  RxRelay: 1de1523e604c72b6c68feadedd1af3b1b4d0ecbd
  RxSwift: 5710a9e6b17f3c3d6e40d6e559b9fa1e813b2ef8
  SwiftyBeaver: c8241b4745aa269a78ca5a022532c6915e948536

PODFILE CHECKSUM: 0da7c982c2f8ac3070472171999aa5ea68c6401f

COCOAPODS: 1.11.3
